
Microsoft Visual Studio Solution File, Format Version 12.00
# Visual Studio Version 17
VisualStudioVersion = 17.4.33110.190
MinimumVisualStudioVersion = 10.0.40219.1
Project("{FAE04EC0-301F-11D3-BF4B-00C04F79EFBC}") = "kalkulačka", "kalkulačka\kalkulačka.csproj", "{A6331CE0-4FC6-44E7-AA51-50D70EBC0FBC}"
EndProject
Global
	GlobalSection(SolutionConfigurationPlatforms) = preSolution
		Debug|Any CPU = Debug|Any CPU
		Release|Any CPU = Release|Any CPU
	EndGlobalSection
	GlobalSection(ProjectConfigurationPlatforms) = postSolution
		{A6331CE0-4FC6-44E7-AA51-50D70EBC0FBC}.Debug|Any CPU.ActiveCfg = Debug|Any CPU
		{A6331CE0-4FC6-44E7-AA51-50D70EBC0FBC}.Debug|Any CPU.Build.0 = Debug|Any CPU
		{A6331CE0-4FC6-44E7-AA51-50D70EBC0FBC}.Debug|Any CPU.Deploy.0 = Debug|Any CPU
		{A6331CE0-4FC6-44E7-AA51-50D70EBC0FBC}.Release|Any CPU.ActiveCfg = Release|Any CPU
		{A6331CE0-4FC6-44E7-AA51-50D70EBC0FBC}.Release|Any CPU.Build.0 = Release|Any CPU
	EndGlobalSection
	GlobalSection(SolutionProperties) = preSolution
		HideSolutionNode = FALSE
	EndGlobalSection
	GlobalSection(ExtensibilityGlobals) = postSolution
		SolutionGuid = {E23790FC-19E0-4610-8870-D505C14D70EA}
	EndGlobalSection
EndGlobal
